// !$*UTF8*$!
{
	archiveVersion = 1;
	classes = {
	};
	objectVersion = 77;
	objects = {

/* Begin PBXBuildFile section */
		02ECDE50B3884287C487B0AF /* UsWidgetExtension.appex in Embed Foundation Extensions */ = {isa = PBXBuildFile; fileRef = A6AB46D7A68082C5C6C4C39E /* UsWidgetExtension.appex */; settings = {ATTRIBUTES = (RemoveHeadersOnCopy, ); }; };
		04BA49FF6B5761C1929FDE09 /* AppLanguage.swift in Sources */ = {isa = PBXBuildFile; fileRef = 9146BDB029D9DF3EF27B17E8 /* AppLanguage.swift */; };
		056D51379D3D9C0EC1F5663C /* DrawModels.swift in Sources */ = {isa = PBXBuildFile; fileRef = BB0045E71AC4E1790968E54F /* DrawModels.swift */; };
		0C76B7E7EA9D729ED907C4B1 /* HealthKitManager.swift in Sources */ = {isa = PBXBuildFile; fileRef = E656DCC40CC7C396A96A5433 /* HealthKitManager.swift */; };
		120CDF7A516C49EF2EFB4633 /* HwdykmModels.swift in Sources */ = {isa = PBXBuildFile; fileRef = E7803C4E252D28510A2C5EB0 /* HwdykmModels.swift */; };
		184D2AD9A5A725E6362FFEC0 /* UsApp.swift in Sources */ = {isa = PBXBuildFile; fileRef = 19564A291FAFFE2898996196 /* UsApp.swift */; };
		1C4A046B219B51189201F712 /* PersonalOnboardingView.swift in Sources */ = {isa = PBXBuildFile; fileRef = 37E6D6DA342BBDA0C296AFAF /* PersonalOnboardingView.swift */; };
		1D1C51CA12160A116729C632 /* AddWidgetGuideView.swift in Sources */ = {isa = PBXBuildFile; fileRef = 8E24143BEC407C5229B81FEE /* AddWidgetGuideView.swift */; };
		1D3B41B870716A541F0D34C1 /* Models.swift in Sources */ = {isa = PBXBuildFile; fileRef = 251A0284E86354A2A203D248 /* Models.swift */; };
		1FC0DA269EE4395CFB163246 /* LocationManager.swift in Sources */ = {isa = PBXBuildFile; fileRef = 99F68175B16EDEE1A515FF7B /* LocationManager.swift */; };
		2075C13A79B3F1B31908B5BB /* ChangeEmailView.swift in Sources */ = {isa = PBXBuildFile; fileRef = 61F9ED4BA35451B873C36536 /* ChangeEmailView.swift */; };
		255B590326A858A590BE540B /* DistanceViews.swift in Sources */ = {isa = PBXBuildFile; fileRef = 4C1F9D99AF1EF7273EC5682C /* DistanceViews.swift */; };
		2747A649D959A804F1C8DE41 /* DailyQuestionView.swift in Sources */ = {isa = PBXBuildFile; fileRef = 1246A0AAF07DF293F6ED263B /* DailyQuestionView.swift */; };
		29E2247540578ED055388FF3 /* DebateAPI.swift in Sources */ = {isa = PBXBuildFile; fileRef = 19ED85B83760F7F1ABFA3444 /* DebateAPI.swift */; };
		2B295C0E38B58947F445AC49 /* DailyQuizView.swift in Sources */ = {isa = PBXBuildFile; fileRef = 14BD834B6586444E318737FD /* DailyQuizView.swift */; };
		2C142D325E8059C0D40D59D9 /* QuizPlayView.swift in Sources */ = {isa = PBXBuildFile; fileRef = F25B699F7688B842B2300662 /* QuizPlayView.swift */; };
		310CFDF2D3E2D740F22D1973 /* SettingsView.swift in Sources */ = {isa = PBXBuildFile; fileRef = 9D1A4F959F6DEB768E0009D1 /* SettingsView.swift */; };
		3498FCD4DD3C45F86CF672A9 /* WelcomeView.swift in Sources */ = {isa = PBXBuildFile; fileRef = AEB253024987EA355989A9C0 /* WelcomeView.swift */; };
		3A14328047CD9B579F974291 /* GalleryView.swift in Sources */ = {isa = PBXBuildFile; fileRef = 6E8AD23053DE6E9A51CA6A60 /* GalleryView.swift */; };
		448D291670D0CA7B3AF1C8D4 /* PartnerMapView.swift in Sources */ = {isa = PBXBuildFile; fileRef = C75441A72C18973CFAEF1AC6 /* PartnerMapView.swift */; };
		450226F0F0CB70143D4013EA /* QuizCategoryDetailView.swift in Sources */ = {isa = PBXBuildFile; fileRef = CF9338C97CC6F48B8A61F328 /* QuizCategoryDetailView.swift */; };
		45E49AD43CE5955C8BFC37BE /* JournalView.swift in Sources */ = {isa = PBXBuildFile; fileRef = 20B33C72EEDBF3FE4B6CC419 /* JournalView.swift */; };
		461170AB7937CF1F3F1A277B /* JournalPhotoPager.swift in Sources */ = {isa = PBXBuildFile; fileRef = F9A32FB18514169727C31673 /* JournalPhotoPager.swift */; };
		4D60345405F05AAF8661092A /* GameAPI.swift in Sources */ = {isa = PBXBuildFile; fileRef = 22CA0D9F4FAC5B9076AE9D06 /* GameAPI.swift */; };
		573E19B5F3C060F353D879F5 /* CycleModel.swift in Sources */ = {isa = PBXBuildFile; fileRef = EB539A148F352001A4A3C86D /* CycleModel.swift */; };
		623C89E31138777DAB950A08 /* MissYouIntent.swift in Sources */ = {isa = PBXBuildFile; fileRef = 9FD186001D93E63601BF0C7F /* MissYouIntent.swift */; };
		65FED375A3D578C4A71E6C4F /* WidgetSnapshot.swift in Sources */ = {isa = PBXBuildFile; fileRef = 5BEE23D5BF3C8D20DB205F22 /* WidgetSnapshot.swift */; };
		67DED55481D5BBE380ED0639 /* PairingView.swift in Sources */ = {isa = PBXBuildFile; fileRef = A2C96B476E9EBDF82881E00B /* PairingView.swift */; };
		68C7F999DEDBBB8B13FC1C80 /* MilestonesSection.swift in Sources */ = {isa = PBXBuildFile; fileRef = C50D9D3A843F8BC5E32CD477 /* MilestonesSection.swift */; };
		69E99F31DC16CC4C468F08F9 /* WidgetSnapshot.swift in Sources */ = {isa = PBXBuildFile; fileRef = 5BEE23D5BF3C8D20DB205F22 /* WidgetSnapshot.swift */; };
		6B27D5B26B0874B216ED6CC0 /* Theme.swift in Sources */ = {isa = PBXBuildFile; fileRef = C7E0661ACBC435BFB3199C9F /* Theme.swift */; };
		6FD68ADC4ACD693B2C863433 /* SnapModels.swift in Sources */ = {isa = PBXBuildFile; fileRef = 860AB05C5F446B516B1BB8C2 /* SnapModels.swift */; };
		74787AB5D4ABC99AEA29D2FC /* SharedConfig.swift in Sources */ = {isa = PBXBuildFile; fileRef = 4B0CC51C200F4046514F8942 /* SharedConfig.swift */; };
		7A3D78DC119D7FC0BB07EF7E /* SharedTokenStore.swift in Sources */ = {isa = PBXBuildFile; fileRef = 137DAA2ED97F7F2DC8EAD12D /* SharedTokenStore.swift */; };
		82E867224570AFE2B8C441E7 /* PartnerPrefs.swift in Sources */ = {isa = PBXBuildFile; fileRef = 9FC9B1CD56A33C8DFA19DF12 /* PartnerPrefs.swift */; };
		84128D68FE1615D874619234 /* Keychain.swift in Sources */ = {isa = PBXBuildFile; fileRef = 76B77B40F1A6ED36394897A7 /* Keychain.swift */; };
		85688065B303B7D65CA37FF1 /* DrawAPI.swift in Sources */ = {isa = PBXBuildFile; fileRef = 8BA0109165B27AC8F33334E6 /* DrawAPI.swift */; };
		864661F51301E65CC924703E /* LanguageManager.swift in Sources */ = {isa = PBXBuildFile; fileRef = A4A69D0FEA5BD17F89E69409 /* LanguageManager.swift */; };
		8649CCB3B3B3101EF10A2843 /* QuizModels.swift in Sources */ = {isa = PBXBuildFile; fileRef = AC066EDB9AAF44FC8C216901 /* QuizModels.swift */; };
		8BA0056840A580B86D97105F /* LanguagePickerView.swift in Sources */ = {isa = PBXBuildFile; fileRef = 99784A6F3EA56FA49DECFE36 /* LanguagePickerView.swift */; };
		952E35B5592E2263CF36155E /* PaywallView.swift in Sources */ = {isa = PBXBuildFile; fileRef = B7AA27F8170AA583C746BCF7 /* PaywallView.swift */; };
		958B335A4CEA7B397FC3468E /* AppDelegate.swift in Sources */ = {isa = PBXBuildFile; fileRef = C2A6FB908AB185224330F319 /* AppDelegate.swift */; };
		95C097F009F46FF0F2F0049B /* CycleManager.swift in Sources */ = {isa = PBXBuildFile; fileRef = AD69287FBB4543CE49DCE444 /* CycleManager.swift */; };
		9B2CF7B5AEEAA43F65CB6718 /* UsWidget.swift in Sources */ = {isa = PBXBuildFile; fileRef = CBD710A90E4247B5A9FF820F /* UsWidget.swift */; };
		9C35A0DE756F380C6979E7B6 /* Localizable.xcstrings in Resources */ = {isa = PBXBuildFile; fileRef = 5226DFB56ABFB38FC474DEFF /* Localizable.xcstrings */; };
		9DCF2F09F8687336BF80EB07 /* SetupFlowView.swift in Sources */ = {isa = PBXBuildFile; fileRef = 132D0B9B117B71B0031ACD58 /* SetupFlowView.swift */; };
		9F750AE15CE99A0915459DCF /* RemoteImage.swift in Sources */ = {isa = PBXBuildFile; fileRef = 8E20F2BE487797208C99BF44 /* RemoteImage.swift */; };
		A55A25BAB639DEBC1D101103 /* DebateModels.swift in Sources */ = {isa = PBXBuildFile; fileRef = D7CADC17EB397D7C66DBF65C /* DebateModels.swift */; };
		AAF8DBA2B857DA5011090DAD /* RootView.swift in Sources */ = {isa = PBXBuildFile; fileRef = FF76B2DE10E2AB402F433015 /* RootView.swift */; };
		AE93CDF82AC585AD6A149E44 /* Session.swift in Sources */ = {isa = PBXBuildFile; fileRef = CD249F764F14A63C5CD51B8D /* Session.swift */; };
		AEF2F45A4E33FB7CF8DA5E01 /* MissYouSender.swift in Sources */ = {isa = PBXBuildFile; fileRef = 2CE3705C78CB511681055EF3 /* MissYouSender.swift */; };
		B6F12FCF5DD241758D7C8046 /* DebateViews.swift in Sources */ = {isa = PBXBuildFile; fileRef = 8E040D752BBF0D481F63993F /* DebateViews.swift */; };
		B960FA7BD966375E77D2AC93 /* TogetherView.swift in Sources */ = {isa = PBXBuildFile; fileRef = 90DEA62B27284E7FC247AA54 /* TogetherView.swift */; };
		BA76717068F6E539E369CD88 /* SnapViews.swift in Sources */ = {isa = PBXBuildFile; fileRef = 3109B4071D1FB5407AD32D7A /* SnapViews.swift */; };
		BF8EB7640654AFA6AF038103 /* MainTabView.swift in Sources */ = {isa = PBXBuildFile; fileRef = 0CE118F50343ED6D0A6A19EE /* MainTabView.swift */; };
		C27493F705A581A753851883 /* PremiumStore.swift in Sources */ = {isa = PBXBuildFile; fileRef = CF517039603435AEFBF6F4C0 /* PremiumStore.swift */; };
		C5B4A1C26648BA2A40FC563F /* DrawViews.swift in Sources */ = {isa = PBXBuildFile; fileRef = D9FDBA1F80DB263B0D7CE9AC /* DrawViews.swift */; };
		C6CDE302EFBB70431B1961CF /* JournalFeed.swift in Sources */ = {isa = PBXBuildFile; fileRef = 83F6605369798F5A7BFBF35C /* JournalFeed.swift */; };
		C75E369B7D630E22976EEED3 /* GamesSection.swift in Sources */ = {isa = PBXBuildFile; fileRef = D28257E5D7FA14CA9B1EF68E /* GamesSection.swift */; };
		C7FA04B69AD3830C3672D6AF /* SharedTokenStore.swift in Sources */ = {isa = PBXBuildFile; fileRef = 137DAA2ED97F7F2DC8EAD12D /* SharedTokenStore.swift */; };
		C839DD4A2B5FF106C17513C2 /* Assets.xcassets in Resources */ = {isa = PBXBuildFile; fileRef = 7C7A6B777AC68B2B769B513E /* Assets.xcassets */; };
		CB024C3B3C7DAD756A446C1D /* APIConfig.swift in Sources */ = {isa = PBXBuildFile; fileRef = 58B039F7530F0B769CD33C7D /* APIConfig.swift */; };
		CB31672DF65AB84756E354C3 /* MissYouSender.swift in Sources */ = {isa = PBXBuildFile; fileRef = 2CE3705C78CB511681055EF3 /* MissYouSender.swift */; };
		CB572F5C7550086FFBB159FC /* HwdykmViews.swift in Sources */ = {isa = PBXBuildFile; fileRef = E56534C0308B3A733B045883 /* HwdykmViews.swift */; };
		CF68EF0B800B41358EF6C31C /* PartnerPrefs.swift in Sources */ = {isa = PBXBuildFile; fileRef = 9FC9B1CD56A33C8DFA19DF12 /* PartnerPrefs.swift */; };
		D5595AFEB584BA34C0DB62B6 /* APIEndpoints.swift in Sources */ = {isa = PBXBuildFile; fileRef = 21AF5B9D08AEFF02C55BA31A /* APIEndpoints.swift */; };
		D8E0B7BE521AC2215BDE0B68 /* AddJournalEntrySheet.swift in Sources */ = {isa = PBXBuildFile; fileRef = 10B261C765EE636B729B1C25 /* AddJournalEntrySheet.swift */; };
		E1DD918E1A5AB2C847C2465F /* SnapAPI.swift in Sources */ = {isa = PBXBuildFile; fileRef = 096825B65EE4259CCA086666 /* SnapAPI.swift */; };
		E2DD9B334CC499A20CCEEFA0 /* QuizCategoriesView.swift in Sources */ = {isa = PBXBuildFile; fileRef = 4CAE8F0878FC18342F6C50B4 /* QuizCategoriesView.swift */; };
		E4043192508311973ED194F8 /* PushManager.swift in Sources */ = {isa = PBXBuildFile; fileRef = 3814F0480D37EB1223B70352 /* PushManager.swift */; };
		E629A3FE8752B064FE277CD0 /* HomeView.swift in Sources */ = {isa = PBXBuildFile; fileRef = 387A4CDEFCF90279F56B6E0D /* HomeView.swift */; };
		E6E184909449710AA75AD94F /* GameModels.swift in Sources */ = {isa = PBXBuildFile; fileRef = E08C8BD968E77513C78DA25F /* GameModels.swift */; };
		E75FD035E47787F621250A7C /* SharedConfig.swift in Sources */ = {isa = PBXBuildFile; fileRef = 4B0CC51C200F4046514F8942 /* SharedConfig.swift */; };
		E7C0E50BC8F72CF90359E04D /* CycleViews.swift in Sources */ = {isa = PBXBuildFile; fileRef = BC1D1218E9D388E8A4123AC7 /* CycleViews.swift */; };
		ED7F042E236EF2DEEF74591C /* TicTacToeView.swift in Sources */ = {isa = PBXBuildFile; fileRef = A06860EBBD7BC666FC7C6245 /* TicTacToeView.swift */; };
		EF8B3E67D5D29562D25B95CD /* APIClient.swift in Sources */ = {isa = PBXBuildFile; fileRef = 9F6B4D11629618FBCC32A7DF /* APIClient.swift */; };
		F048A5E58BD2665B4399D427 /* Haptics.swift in Sources */ = {isa = PBXBuildFile; fileRef = 271F34F0523302D26C3C1B3E /* Haptics.swift */; };
		F2EF012FB70C011CD05059B8 /* ProfileView.swift in Sources */ = {isa = PBXBuildFile; fileRef = 2ACB3AF762DCDBE18EBFA095 /* ProfileView.swift */; };
		F56EFB0858DF6C9C45E882C3 /* MissYouIntent.swift in Sources */ = {isa = PBXBuildFile; fileRef = 9FD186001D93E63601BF0C7F /* MissYouIntent.swift */; };
		F90291F70830C8CE91ED556B /* SignInView.swift in Sources */ = {isa = PBXBuildFile; fileRef = A9CA7D83A660F5C36AD7E359 /* SignInView.swift */; };
		F917D6E89C4810DF5535EF08 /* QuizAPI.swift in Sources */ = {isa = PBXBuildFile; fileRef = D1DD6CF0E341C1BE72835511 /* QuizAPI.swift */; };
		F9B075D9D0A2A00F87865530 /* PaywallPhoneMockup.swift in Sources */ = {isa = PBXBuildFile; fileRef = 6FAD8B42028639564D372833 /* PaywallPhoneMockup.swift */; };
		FAC2ECD59E47B110F67AC466 /* SwipeToDelete.swift in Sources */ = {isa = PBXBuildFile; fileRef = C6BBD5157C3124D634493238 /* SwipeToDelete.swift */; };
/* End PBXBuildFile section */

/* Begin PBXContainerItemProxy section */
		BB417703318E25558DDAB87E /* PBXContainerItemProxy */ = {
			isa = PBXContainerItemProxy;
			containerPortal = 18525015F458C3A35F630CBE /* Project object */;
			proxyType = 1;
			remoteGlobalIDString = 3FA668985F6B95D61B1C0952;
			remoteInfo = UsWidgetExtension;
		};
/* End PBXContainerItemProxy section */

/* Begin PBXCopyFilesBuildPhase section */
		A8C0C58400770162E011E73A /* Embed Foundation Extensions */ = {
			isa = PBXCopyFilesBuildPhase;
			buildActionMask = 2147483647;
			dstPath = "";
			dstSubfolderSpec = 13;
			files = (
				02ECDE50B3884287C487B0AF /* UsWidgetExtension.appex in Embed Foundation Extensions */,
			);
			name = "Embed Foundation Extensions";
			runOnlyForDeploymentPostprocessing = 0;
		};
/* End PBXCopyFilesBuildPhase section */

/* Begin PBXFileReference section */
		096825B65EE4259CCA086666 /* SnapAPI.swift */ = {isa = PBXFileReference; lastKnownFileType = sourcecode.swift; path = SnapAPI.swift; sourceTree = "<group>"; };
		0CE118F50343ED6D0A6A19EE /* MainTabView.swift */ = {isa = PBXFileReference; lastKnownFileType = sourcecode.swift; path = MainTabView.swift; sourceTree = "<group>"; };
		10B261C765EE636B729B1C25 /* AddJournalEntrySheet.swift */ = {isa = PBXFileReference; lastKnownFileType = sourcecode.swift; path = AddJournalEntrySheet.swift; sourceTree = "<group>"; };
		1246A0AAF07DF293F6ED263B /* DailyQuestionView.swift */ = {isa = PBXFileReference; lastKnownFileType = sourcecode.swift; path = DailyQuestionView.swift; sourceTree = "<group>"; };
		132D0B9B117B71B0031ACD58 /* SetupFlowView.swift */ = {isa = PBXFileReference; lastKnownFileType = sourcecode.swift; path = SetupFlowView.swift; sourceTree = "<group>"; };
		137DAA2ED97F7F2DC8EAD12D /* SharedTokenStore.swift */ = {isa = PBXFileReference; lastKnownFileType = sourcecode.swift; path = SharedTokenStore.swift; sourceTree = "<group>"; };
		14BD834B6586444E318737FD /* DailyQuizView.swift */ = {isa = PBXFileReference; lastKnownFileType = sourcecode.swift; path = DailyQuizView.swift; sourceTree = "<group>"; };
		19564A291FAFFE2898996196 /* UsApp.swift */ = {isa = PBXFileReference; lastKnownFileType = sourcecode.swift; path = UsApp.swift; sourceTree = "<group>"; };
		19ED85B83760F7F1ABFA3444 /* DebateAPI.swift */ = {isa = PBXFileReference; lastKnownFileType = sourcecode.swift; path = DebateAPI.swift; sourceTree = "<group>"; };
		20B33C72EEDBF3FE4B6CC419 /* JournalView.swift */ = {isa = PBXFileReference; lastKnownFileType = sourcecode.swift; path = JournalView.swift; sourceTree = "<group>"; };
		21AF5B9D08AEFF02C55BA31A /* APIEndpoints.swift */ = {isa = PBXFileReference; lastKnownFileType = sourcecode.swift; path = APIEndpoints.swift; sourceTree = "<group>"; };
		22CA0D9F4FAC5B9076AE9D06 /* GameAPI.swift */ = {isa = PBXFileReference; lastKnownFileType = sourcecode.swift; path = GameAPI.swift; sourceTree = "<group>"; };
		251A0284E86354A2A203D248 /* Models.swift */ = {isa = PBXFileReference; lastKnownFileType = sourcecode.swift; path = Models.swift; sourceTree = "<group>"; };
		271F34F0523302D26C3C1B3E /* Haptics.swift */ = {isa = PBXFileReference; lastKnownFileType = sourcecode.swift; path = Haptics.swift; sourceTree = "<group>"; };
		2ACB3AF762DCDBE18EBFA095 /* ProfileView.swift */ = {isa = PBXFileReference; lastKnownFileType = sourcecode.swift; path = ProfileView.swift; sourceTree = "<group>"; };
		2CE3705C78CB511681055EF3 /* MissYouSender.swift */ = {isa = PBXFileReference; lastKnownFileType = sourcecode.swift; path = MissYouSender.swift; sourceTree = "<group>"; };
		30E99CD071F8F1A3E114D86D /* Info.plist */ = {isa = PBXFileReference; lastKnownFileType = text.plist; path = Info.plist; sourceTree = "<group>"; };
		3109B4071D1FB5407AD32D7A /* SnapViews.swift */ = {isa = PBXFileReference; lastKnownFileType = sourcecode.swift; path = SnapViews.swift; sourceTree = "<group>"; };
		37E6D6DA342BBDA0C296AFAF /* PersonalOnboardingView.swift */ = {isa = PBXFileReference; lastKnownFileType = sourcecode.swift; path = PersonalOnboardingView.swift; sourceTree = "<group>"; };
		3814F0480D37EB1223B70352 /* PushManager.swift */ = {isa = PBXFileReference; lastKnownFileType = sourcecode.swift; path = PushManager.swift; sourceTree = "<group>"; };
		387A4CDEFCF90279F56B6E0D /* HomeView.swift */ = {isa = PBXFileReference; lastKnownFileType = sourcecode.swift; path = HomeView.swift; sourceTree = "<group>"; };
		4B0CC51C200F4046514F8942 /* SharedConfig.swift */ = {isa = PBXFileReference; lastKnownFileType = sourcecode.swift; path = SharedConfig.swift; sourceTree = "<group>"; };
		4C1F9D99AF1EF7273EC5682C /* DistanceViews.swift */ = {isa = PBXFileReference; lastKnownFileType = sourcecode.swift; path = DistanceViews.swift; sourceTree = "<group>"; };
		4CAE8F0878FC18342F6C50B4 /* QuizCategoriesView.swift */ = {isa = PBXFileReference; lastKnownFileType = sourcecode.swift; path = QuizCategoriesView.swift; sourceTree = "<group>"; };
		5226DFB56ABFB38FC474DEFF /* Localizable.xcstrings */ = {isa = PBXFileReference; lastKnownFileType = text.json.xcstrings; path = Localizable.xcstrings; sourceTree = "<group>"; };
		56EA692DF2690F4D23FDA37F /* UsWidget.entitlements */ = {isa = PBXFileReference; lastKnownFileType = text.plist.entitlements; path = UsWidget.entitlements; sourceTree = "<group>"; };
		58B039F7530F0B769CD33C7D /* APIConfig.swift */ = {isa = PBXFileReference; lastKnownFileType = sourcecode.swift; path = APIConfig.swift; sourceTree = "<group>"; };
		5BEE23D5BF3C8D20DB205F22 /* WidgetSnapshot.swift */ = {isa = PBXFileReference; lastKnownFileType = sourcecode.swift; path = WidgetSnapshot.swift; sourceTree = "<group>"; };
		61F9ED4BA35451B873C36536 /* ChangeEmailView.swift */ = {isa = PBXFileReference; lastKnownFileType = sourcecode.swift; path = ChangeEmailView.swift; sourceTree = "<group>"; };
		6E8AD23053DE6E9A51CA6A60 /* GalleryView.swift */ = {isa = PBXFileReference; lastKnownFileType = sourcecode.swift; path = GalleryView.swift; sourceTree = "<group>"; };
		6FAD8B42028639564D372833 /* PaywallPhoneMockup.swift */ = {isa = PBXFileReference; lastKnownFileType = sourcecode.swift; path = PaywallPhoneMockup.swift; sourceTree = "<group>"; };
		76B77B40F1A6ED36394897A7 /* Keychain.swift */ = {isa = PBXFileReference; lastKnownFileType = sourcecode.swift; path = Keychain.swift; sourceTree = "<group>"; };
		7C7A6B777AC68B2B769B513E /* Assets.xcassets */ = {isa = PBXFileReference; lastKnownFileType = folder.assetcatalog; path = Assets.xcassets; sourceTree = "<group>"; };
		83F6605369798F5A7BFBF35C /* JournalFeed.swift */ = {isa = PBXFileReference; lastKnownFileType = sourcecode.swift; path = JournalFeed.swift; sourceTree = "<group>"; };
		860AB05C5F446B516B1BB8C2 /* SnapModels.swift */ = {isa = PBXFileReference; lastKnownFileType = sourcecode.swift; path = SnapModels.swift; sourceTree = "<group>"; };
		8BA0109165B27AC8F33334E6 /* DrawAPI.swift */ = {isa = PBXFileReference; lastKnownFileType = sourcecode.swift; path = DrawAPI.swift; sourceTree = "<group>"; };
		8E040D752BBF0D481F63993F /* DebateViews.swift */ = {isa = PBXFileReference; lastKnownFileType = sourcecode.swift; path = DebateViews.swift; sourceTree = "<group>"; };
		8E20F2BE487797208C99BF44 /* RemoteImage.swift */ = {isa = PBXFileReference; lastKnownFileType = sourcecode.swift; path = RemoteImage.swift; sourceTree = "<group>"; };
		8E24143BEC407C5229B81FEE /* AddWidgetGuideView.swift */ = {isa = PBXFileReference; lastKnownFileType = sourcecode.swift; path = AddWidgetGuideView.swift; sourceTree = "<group>"; };
		90DEA62B27284E7FC247AA54 /* TogetherView.swift */ = {isa = PBXFileReference; lastKnownFileType = sourcecode.swift; path = TogetherView.swift; sourceTree = "<group>"; };
		9146BDB029D9DF3EF27B17E8 /* AppLanguage.swift */ = {isa = PBXFileReference; lastKnownFileType = sourcecode.swift; path = AppLanguage.swift; sourceTree = "<group>"; };
		9409C1C95F99042C49E96566 /* Us.app */ = {isa = PBXFileReference; includeInIndex = 0; lastKnownFileType = wrapper.application; path = Us.app; sourceTree = BUILT_PRODUCTS_DIR; };
		99784A6F3EA56FA49DECFE36 /* LanguagePickerView.swift */ = {isa = PBXFileReference; lastKnownFileType = sourcecode.swift; path = LanguagePickerView.swift; sourceTree = "<group>"; };
		99F68175B16EDEE1A515FF7B /* LocationManager.swift */ = {isa = PBXFileReference; lastKnownFileType = sourcecode.swift; path = LocationManager.swift; sourceTree = "<group>"; };
		9D1A4F959F6DEB768E0009D1 /* SettingsView.swift */ = {isa = PBXFileReference; lastKnownFileType = sourcecode.swift; path = SettingsView.swift; sourceTree = "<group>"; };
		9F6B4D11629618FBCC32A7DF /* APIClient.swift */ = {isa = PBXFileReference; lastKnownFileType = sourcecode.swift; path = APIClient.swift; sourceTree = "<group>"; };
		9FC9B1CD56A33C8DFA19DF12 /* PartnerPrefs.swift */ = {isa = PBXFileReference; lastKnownFileType = sourcecode.swift; path = PartnerPrefs.swift; sourceTree = "<group>"; };
		9FD186001D93E63601BF0C7F /* MissYouIntent.swift */ = {isa = PBXFileReference; lastKnownFileType = sourcecode.swift; path = MissYouIntent.swift; sourceTree = "<group>"; };
		A06860EBBD7BC666FC7C6245 /* TicTacToeView.swift */ = {isa = PBXFileReference; lastKnownFileType = sourcecode.swift; path = TicTacToeView.swift; sourceTree = "<group>"; };
		A2C96B476E9EBDF82881E00B /* PairingView.swift */ = {isa = PBXFileReference; lastKnownFileType = sourcecode.swift; path = PairingView.swift; sourceTree = "<group>"; };
		A4A69D0FEA5BD17F89E69409 /* LanguageManager.swift */ = {isa = PBXFileReference; lastKnownFileType = sourcecode.swift; path = LanguageManager.swift; sourceTree = "<group>"; };
		A6AB46D7A68082C5C6C4C39E /* UsWidgetExtension.appex */ = {isa = PBXFileReference; includeInIndex = 0; lastKnownFileType = "wrapper.app-extension"; path = UsWidgetExtension.appex; sourceTree = BUILT_PRODUCTS_DIR; };
		A9CA7D83A660F5C36AD7E359 /* SignInView.swift */ = {isa = PBXFileReference; lastKnownFileType = sourcecode.swift; path = SignInView.swift; sourceTree = "<group>"; };
		AC066EDB9AAF44FC8C216901 /* QuizModels.swift */ = {isa = PBXFileReference; lastKnownFileType = sourcecode.swift; path = QuizModels.swift; sourceTree = "<group>"; };
		AD69287FBB4543CE49DCE444 /* CycleManager.swift */ = {isa = PBXFileReference; lastKnownFileType = sourcecode.swift; path = CycleManager.swift; sourceTree = "<group>"; };
		AEB253024987EA355989A9C0 /* WelcomeView.swift */ = {isa = PBXFileReference; lastKnownFileType = sourcecode.swift; path = WelcomeView.swift; sourceTree = "<group>"; };
		B728CF64176A68A1B07B95F3 /* Info.plist */ = {isa = PBXFileReference; lastKnownFileType = text.plist; path = Info.plist; sourceTree = "<group>"; };
		B7AA27F8170AA583C746BCF7 /* PaywallView.swift */ = {isa = PBXFileReference; lastKnownFileType = sourcecode.swift; path = PaywallView.swift; sourceTree = "<group>"; };
		BB0045E71AC4E1790968E54F /* DrawModels.swift */ = {isa = PBXFileReference; lastKnownFileType = sourcecode.swift; path = DrawModels.swift; sourceTree = "<group>"; };
		BC1D1218E9D388E8A4123AC7 /* CycleViews.swift */ = {isa = PBXFileReference; lastKnownFileType = sourcecode.swift; path = CycleViews.swift; sourceTree = "<group>"; };
		BC7EFFD8C48FFAC91B450D33 /* Us.entitlements */ = {isa = PBXFileReference; lastKnownFileType = text.plist.entitlements; path = Us.entitlements; sourceTree = "<group>"; };
		C2A6FB908AB185224330F319 /* AppDelegate.swift */ = {isa = PBXFileReference; lastKnownFileType = sourcecode.swift; path = AppDelegate.swift; sourceTree = "<group>"; };
		C50D9D3A843F8BC5E32CD477 /* MilestonesSection.swift */ = {isa = PBXFileReference; lastKnownFileType = sourcecode.swift; path = MilestonesSection.swift; sourceTree = "<group>"; };
		C6BBD5157C3124D634493238 /* SwipeToDelete.swift */ = {isa = PBXFileReference; lastKnownFileType = sourcecode.swift; path = SwipeToDelete.swift; sourceTree = "<group>"; };
		C75441A72C18973CFAEF1AC6 /* PartnerMapView.swift */ = {isa = PBXFileReference; lastKnownFileType = sourcecode.swift; path = PartnerMapView.swift; sourceTree = "<group>"; };
		C7E0661ACBC435BFB3199C9F /* Theme.swift */ = {isa = PBXFileReference; lastKnownFileType = sourcecode.swift; path = Theme.swift; sourceTree = "<group>"; };
		CBD710A90E4247B5A9FF820F /* UsWidget.swift */ = {isa = PBXFileReference; lastKnownFileType = sourcecode.swift; path = UsWidget.swift; sourceTree = "<group>"; };
		CD249F764F14A63C5CD51B8D /* Session.swift */ = {isa = PBXFileReference; lastKnownFileType = sourcecode.swift; path = Session.swift; sourceTree = "<group>"; };
		CF517039603435AEFBF6F4C0 /* PremiumStore.swift */ = {isa = PBXFileReference; lastKnownFileType = sourcecode.swift; path = PremiumStore.swift; sourceTree = "<group>"; };
		CF9338C97CC6F48B8A61F328 /* QuizCategoryDetailView.swift */ = {isa = PBXFileReference; lastKnownFileType = sourcecode.swift; path = QuizCategoryDetailView.swift; sourceTree = "<group>"; };
		D1DD6CF0E341C1BE72835511 /* QuizAPI.swift */ = {isa = PBXFileReference; lastKnownFileType = sourcecode.swift; path = QuizAPI.swift; sourceTree = "<group>"; };
		D28257E5D7FA14CA9B1EF68E /* GamesSection.swift */ = {isa = PBXFileReference; lastKnownFileType = sourcecode.swift; path = GamesSection.swift; sourceTree = "<group>"; };
		D7CADC17EB397D7C66DBF65C /* DebateModels.swift */ = {isa = PBXFileReference; lastKnownFileType = sourcecode.swift; path = DebateModels.swift; sourceTree = "<group>"; };
		D9FDBA1F80DB263B0D7CE9AC /* DrawViews.swift */ = {isa = PBXFileReference; lastKnownFileType = sourcecode.swift; path = DrawViews.swift; sourceTree = "<group>"; };
		E08C8BD968E77513C78DA25F /* GameModels.swift */ = {isa = PBXFileReference; lastKnownFileType = sourcecode.swift; path = GameModels.swift; sourceTree = "<group>"; };
		E56534C0308B3A733B045883 /* HwdykmViews.swift */ = {isa = PBXFileReference; lastKnownFileType = sourcecode.swift; path = HwdykmViews.swift; sourceTree = "<group>"; };
		E656DCC40CC7C396A96A5433 /* HealthKitManager.swift */ = {isa = PBXFileReference; lastKnownFileType = sourcecode.swift; path = HealthKitManager.swift; sourceTree = "<group>"; };
		E7803C4E252D28510A2C5EB0 /* HwdykmModels.swift */ = {isa = PBXFileReference; lastKnownFileType = sourcecode.swift; path = HwdykmModels.swift; sourceTree = "<group>"; };
		EB539A148F352001A4A3C86D /* CycleModel.swift */ = {isa = PBXFileReference; lastKnownFileType = sourcecode.swift; path = CycleModel.swift; sourceTree = "<group>"; };
		F25B699F7688B842B2300662 /* QuizPlayView.swift */ = {isa = PBXFileReference; lastKnownFileType = sourcecode.swift; path = QuizPlayView.swift; sourceTree = "<group>"; };
		F9A32FB18514169727C31673 /* JournalPhotoPager.swift */ = {isa = PBXFileReference; lastKnownFileType = sourcecode.swift; path = JournalPhotoPager.swift; sourceTree = "<group>"; };
		FF76B2DE10E2AB402F433015 /* RootView.swift */ = {isa = PBXFileReference; lastKnownFileType = sourcecode.swift; path = RootView.swift; sourceTree = "<group>"; };
/* End PBXFileReference section */

/* Begin PBXGroup section */
		16D6E894C0043348D95F6CF0 /* Premium */ = {
			isa = PBXGroup;
			children = (
				6FAD8B42028639564D372833 /* PaywallPhoneMockup.swift */,
				B7AA27F8170AA583C746BCF7 /* PaywallView.swift */,
				CF517039603435AEFBF6F4C0 /* PremiumStore.swift */,
			);
			path = Premium;
			sourceTree = "<group>";
		};
		2C66154D4412DB14B55E1EB8 /* DesignSystem */ = {
			isa = PBXGroup;
			children = (
				C6BBD5157C3124D634493238 /* SwipeToDelete.swift */,
				C7E0661ACBC435BFB3199C9F /* Theme.swift */,
			);
			path = DesignSystem;
			sourceTree = "<group>";
		};
		32BA3C6F59608B53398FE2A0 /* Together */ = {
			isa = PBXGroup;
			children = (
				1246A0AAF07DF293F6ED263B /* DailyQuestionView.swift */,
				14BD834B6586444E318737FD /* DailyQuizView.swift */,
				19ED85B83760F7F1ABFA3444 /* DebateAPI.swift */,
				D7CADC17EB397D7C66DBF65C /* DebateModels.swift */,
				8E040D752BBF0D481F63993F /* DebateViews.swift */,
				8BA0109165B27AC8F33334E6 /* DrawAPI.swift */,
				BB0045E71AC4E1790968E54F /* DrawModels.swift */,
				D9FDBA1F80DB263B0D7CE9AC /* DrawViews.swift */,
				22CA0D9F4FAC5B9076AE9D06 /* GameAPI.swift */,
				E08C8BD968E77513C78DA25F /* GameModels.swift */,
				D28257E5D7FA14CA9B1EF68E /* GamesSection.swift */,
				E7803C4E252D28510A2C5EB0 /* HwdykmModels.swift */,
				E56534C0308B3A733B045883 /* HwdykmViews.swift */,
				D1DD6CF0E341C1BE72835511 /* QuizAPI.swift */,
				4CAE8F0878FC18342F6C50B4 /* QuizCategoriesView.swift */,
				CF9338C97CC6F48B8A61F328 /* QuizCategoryDetailView.swift */,
				AC066EDB9AAF44FC8C216901 /* QuizModels.swift */,
				F25B699F7688B842B2300662 /* QuizPlayView.swift */,
				096825B65EE4259CCA086666 /* SnapAPI.swift */,
				860AB05C5F446B516B1BB8C2 /* SnapModels.swift */,
				3109B4071D1FB5407AD32D7A /* SnapViews.swift */,
				A06860EBBD7BC666FC7C6245 /* TicTacToeView.swift */,
				90DEA62B27284E7FC247AA54 /* TogetherView.swift */,
			);
			path = Together;
			sourceTree = "<group>";
		};
		36A88B0DF208FA9E0495B04A = {
			isa = PBXGroup;
			children = (
				578533011843375442769B50 /* Shared */,
				AD545DAEF6C8A696AAA53F7F /* Us */,
				92FC05157CA6B0EA92D5CA0B /* UsWidget */,
				5034D06A09C52EC0BACD5AA7 /* Products */,
			);
			sourceTree = "<group>";
		};
		375C92F329E18FAD20798820 /* Journal */ = {
			isa = PBXGroup;
			children = (
				10B261C765EE636B729B1C25 /* AddJournalEntrySheet.swift */,
				83F6605369798F5A7BFBF35C /* JournalFeed.swift */,
				F9A32FB18514169727C31673 /* JournalPhotoPager.swift */,
				20B33C72EEDBF3FE4B6CC419 /* JournalView.swift */,
				C50D9D3A843F8BC5E32CD477 /* MilestonesSection.swift */,
			);
			path = Journal;
			sourceTree = "<group>";
		};
		38E6DB11B2920BE50276A732 /* Home */ = {
			isa = PBXGroup;
			children = (
				8E24143BEC407C5229B81FEE /* AddWidgetGuideView.swift */,
				4C1F9D99AF1EF7273EC5682C /* DistanceViews.swift */,
				387A4CDEFCF90279F56B6E0D /* HomeView.swift */,
			);
			path = Home;
			sourceTree = "<group>";
		};
		434B2F254A3FD2FE84DD13A7 /* Map */ = {
			isa = PBXGroup;
			children = (
				C75441A72C18973CFAEF1AC6 /* PartnerMapView.swift */,
			);
			path = Map;
			sourceTree = "<group>";
		};
		5034D06A09C52EC0BACD5AA7 /* Products */ = {
			isa = PBXGroup;
			children = (
				9409C1C95F99042C49E96566 /* Us.app */,
				A6AB46D7A68082C5C6C4C39E /* UsWidgetExtension.appex */,
			);
			name = Products;
			sourceTree = "<group>";
		};
		578533011843375442769B50 /* Shared */ = {
			isa = PBXGroup;
			children = (
				9FD186001D93E63601BF0C7F /* MissYouIntent.swift */,
				2CE3705C78CB511681055EF3 /* MissYouSender.swift */,
				9FC9B1CD56A33C8DFA19DF12 /* PartnerPrefs.swift */,
				4B0CC51C200F4046514F8942 /* SharedConfig.swift */,
				137DAA2ED97F7F2DC8EAD12D /* SharedTokenStore.swift */,
				5BEE23D5BF3C8D20DB205F22 /* WidgetSnapshot.swift */,
			);
			path = Shared;
			sourceTree = "<group>";
		};
		58D850B99E8F960F2D687EBE /* Auth */ = {
			isa = PBXGroup;
			children = (
				A9CA7D83A660F5C36AD7E359 /* SignInView.swift */,
			);
			path = Auth;
			sourceTree = "<group>";
		};
		65D1839D1FE5FF781E3A8481 /* Pairing */ = {
			isa = PBXGroup;
			children = (
				A2C96B476E9EBDF82881E00B /* PairingView.swift */,
			);
			path = Pairing;
			sourceTree = "<group>";
		};
		74F96603685CC52EF4E8A28D /* Profile */ = {
			isa = PBXGroup;
			children = (
				2ACB3AF762DCDBE18EBFA095 /* ProfileView.swift */,
			);
			path = Profile;
			sourceTree = "<group>";
		};
		767F6CA2696FBE9CA1C75E82 /* Core */ = {
			isa = PBXGroup;
			children = (
				9F6B4D11629618FBCC32A7DF /* APIClient.swift */,
				58B039F7530F0B769CD33C7D /* APIConfig.swift */,
				21AF5B9D08AEFF02C55BA31A /* APIEndpoints.swift */,
				C2A6FB908AB185224330F319 /* AppDelegate.swift */,
				9146BDB029D9DF3EF27B17E8 /* AppLanguage.swift */,
				271F34F0523302D26C3C1B3E /* Haptics.swift */,
				E656DCC40CC7C396A96A5433 /* HealthKitManager.swift */,
				76B77B40F1A6ED36394897A7 /* Keychain.swift */,
				A4A69D0FEA5BD17F89E69409 /* LanguageManager.swift */,
				99F68175B16EDEE1A515FF7B /* LocationManager.swift */,
				251A0284E86354A2A203D248 /* Models.swift */,
				3814F0480D37EB1223B70352 /* PushManager.swift */,
				CD249F764F14A63C5CD51B8D /* Session.swift */,
			);
			path = Core;
			sourceTree = "<group>";
		};
		92FC05157CA6B0EA92D5CA0B /* UsWidget */ = {
			isa = PBXGroup;
			children = (
				30E99CD071F8F1A3E114D86D /* Info.plist */,
				56EA692DF2690F4D23FDA37F /* UsWidget.entitlements */,
				CBD710A90E4247B5A9FF820F /* UsWidget.swift */,
			);
			path = UsWidget;
			sourceTree = "<group>";
		};
		AD545DAEF6C8A696AAA53F7F /* Us */ = {
			isa = PBXGroup;
			children = (
				7C7A6B777AC68B2B769B513E /* Assets.xcassets */,
				B728CF64176A68A1B07B95F3 /* Info.plist */,
				5226DFB56ABFB38FC474DEFF /* Localizable.xcstrings */,
				BC7EFFD8C48FFAC91B450D33 /* Us.entitlements */,
				19564A291FAFFE2898996196 /* UsApp.swift */,
				767F6CA2696FBE9CA1C75E82 /* Core */,
				2C66154D4412DB14B55E1EB8 /* DesignSystem */,
				CA72CE8E63435D9CF6D254D6 /* Features */,
			);
			path = Us;
			sourceTree = "<group>";
		};
		B55BF085257E66A5FDED5F7F /* Settings */ = {
			isa = PBXGroup;
			children = (
				61F9ED4BA35451B873C36536 /* ChangeEmailView.swift */,
				99784A6F3EA56FA49DECFE36 /* LanguagePickerView.swift */,
				9D1A4F959F6DEB768E0009D1 /* SettingsView.swift */,
			);
			path = Settings;
			sourceTree = "<group>";
		};
		B853D8AD95B8E2EC4AC23908 /* Onboarding */ = {
			isa = PBXGroup;
			children = (
				37E6D6DA342BBDA0C296AFAF /* PersonalOnboardingView.swift */,
				132D0B9B117B71B0031ACD58 /* SetupFlowView.swift */,
				AEB253024987EA355989A9C0 /* WelcomeView.swift */,
			);
			path = Onboarding;
			sourceTree = "<group>";
		};
		CA72CE8E63435D9CF6D254D6 /* Features */ = {
			isa = PBXGroup;
			children = (
				0CE118F50343ED6D0A6A19EE /* MainTabView.swift */,
				FF76B2DE10E2AB402F433015 /* RootView.swift */,
				58D850B99E8F960F2D687EBE /* Auth */,
				E5DC9A06EFD012E7E03B5CAF /* Cycle */,
				D17A381CD9B37CFADE3484A5 /* Gallery */,
				38E6DB11B2920BE50276A732 /* Home */,
				375C92F329E18FAD20798820 /* Journal */,
				434B2F254A3FD2FE84DD13A7 /* Map */,
				B853D8AD95B8E2EC4AC23908 /* Onboarding */,
				65D1839D1FE5FF781E3A8481 /* Pairing */,
				16D6E894C0043348D95F6CF0 /* Premium */,
				74F96603685CC52EF4E8A28D /* Profile */,
				B55BF085257E66A5FDED5F7F /* Settings */,
				32BA3C6F59608B53398FE2A0 /* Together */,
			);
			path = Features;
			sourceTree = "<group>";
		};
		D17A381CD9B37CFADE3484A5 /* Gallery */ = {
			isa = PBXGroup;
			children = (
				6E8AD23053DE6E9A51CA6A60 /* GalleryView.swift */,
				8E20F2BE487797208C99BF44 /* RemoteImage.swift */,
			);
			path = Gallery;
			sourceTree = "<group>";
		};
		E5DC9A06EFD012E7E03B5CAF /* Cycle */ = {
			isa = PBXGroup;
			children = (
				AD69287FBB4543CE49DCE444 /* CycleManager.swift */,
				EB539A148F352001A4A3C86D /* CycleModel.swift */,
				BC1D1218E9D388E8A4123AC7 /* CycleViews.swift */,
			);
			path = Cycle;
			sourceTree = "<group>";
		};
/* End PBXGroup section */

/* Begin PBXNativeTarget section */
		3EE05893A6FB6B780C9B7D72 /* Us */ = {
			isa = PBXNativeTarget;
			buildConfigurationList = A5020AF7B6787A6FA9CB56DC /* Build configuration list for PBXNativeTarget "Us" */;
			buildPhases = (
				97BEA5FE9956634351D39547 /* Sources */,
				9C2EB3D4CF86112F8D1152BF /* Resources */,
				A8C0C58400770162E011E73A /* Embed Foundation Extensions */,
			);
			buildRules = (
			);
			dependencies = (
				AF9A5FFED5BAF31E80255D0C /* PBXTargetDependency */,
			);
			name = Us;
			packageProductDependencies = (
			);
			productName = Us;
			productReference = 9409C1C95F99042C49E96566 /* Us.app */;
			productType = "com.apple.product-type.application";
		};
		3FA668985F6B95D61B1C0952 /* UsWidgetExtension */ = {
			isa = PBXNativeTarget;
			buildConfigurationList = 001D8FD6345EA99F03954711 /* Build configuration list for PBXNativeTarget "UsWidgetExtension" */;
			buildPhases = (
				21B9D0C46769A2AAC35CAB58 /* Sources */,
			);
			buildRules = (
			);
			dependencies = (
			);
			name = UsWidgetExtension;
			packageProductDependencies = (
			);
			productName = UsWidgetExtension;
			productReference = A6AB46D7A68082C5C6C4C39E /* UsWidgetExtension.appex */;
			productType = "com.apple.product-type.app-extension";
		};
/* End PBXNativeTarget section */

/* Begin PBXProject section */
		18525015F458C3A35F630CBE /* Project object */ = {
			isa = PBXProject;
			attributes = {
				BuildIndependentTargetsInParallel = YES;
				LastUpgradeCheck = 1430;
				TargetAttributes = {
					3EE05893A6FB6B780C9B7D72 = {
						DevelopmentTeam = H4M7KJL5DT;
						ProvisioningStyle = Automatic;
					};
					3FA668985F6B95D61B1C0952 = {
						DevelopmentTeam = H4M7KJL5DT;
						ProvisioningStyle = Automatic;
					};
				};
			};
			buildConfigurationList = 8155167D443E2A3A21BE1CE0 /* Build configuration list for PBXProject "Us" */;
			developmentRegion = en;
			hasScannedForEncodings = 0;
			knownRegions = (
				Base,
				ar,
				bn,
				da,
				de,
				en,
				es,
				fa,
				fil,
				fr,
				hi,
				id,
				it,
				ja,
				ko,
				nl,
				pl,
				"pt-BR",
				ru,
				sw,
				th,
				tr,
				uk,
				ur,
				uz,
				vi,
				"zh-Hans",
			);
			mainGroup = 36A88B0DF208FA9E0495B04A;
			minimizedProjectReferenceProxies = 1;
			preferredProjectObjectVersion = 77;
			productRefGroup = 5034D06A09C52EC0BACD5AA7 /* Products */;
			projectDirPath = "";
			projectRoot = "";
			targets = (
				3EE05893A6FB6B780C9B7D72 /* Us */,
				3FA668985F6B95D61B1C0952 /* UsWidgetExtension */,
			);
		};
/* End PBXProject section */

/* Begin PBXResourcesBuildPhase section */
		9C2EB3D4CF86112F8D1152BF /* Resources */ = {
			isa = PBXResourcesBuildPhase;
			buildActionMask = 2147483647;
			files = (
				C839DD4A2B5FF106C17513C2 /* Assets.xcassets in Resources */,
				9C35A0DE756F380C6979E7B6 /* Localizable.xcstrings in Resources */,
			);
			runOnlyForDeploymentPostprocessing = 0;
		};
/* End PBXResourcesBuildPhase section */

/* Begin PBXSourcesBuildPhase section */
		21B9D0C46769A2AAC35CAB58 /* Sources */ = {
			isa = PBXSourcesBuildPhase;
			buildActionMask = 2147483647;
			files = (
				F56EFB0858DF6C9C45E882C3 /* MissYouIntent.swift in Sources */,
				CB31672DF65AB84756E354C3 /* MissYouSender.swift in Sources */,
				82E867224570AFE2B8C441E7 /* PartnerPrefs.swift in Sources */,
				74787AB5D4ABC99AEA29D2FC /* SharedConfig.swift in Sources */,
				C7FA04B69AD3830C3672D6AF /* SharedTokenStore.swift in Sources */,
				9B2CF7B5AEEAA43F65CB6718 /* UsWidget.swift in Sources */,
				65FED375A3D578C4A71E6C4F /* WidgetSnapshot.swift in Sources */,
			);
			runOnlyForDeploymentPostprocessing = 0;
		};
		97BEA5FE9956634351D39547 /* Sources */ = {
			isa = PBXSourcesBuildPhase;
			buildActionMask = 2147483647;
			files = (
				EF8B3E67D5D29562D25B95CD /* APIClient.swift in Sources */,
				CB024C3B3C7DAD756A446C1D /* APIConfig.swift in Sources */,
				D5595AFEB584BA34C0DB62B6 /* APIEndpoints.swift in Sources */,
				D8E0B7BE521AC2215BDE0B68 /* AddJournalEntrySheet.swift in Sources */,
				1D1C51CA12160A116729C632 /* AddWidgetGuideView.swift in Sources */,
				958B335A4CEA7B397FC3468E /* AppDelegate.swift in Sources */,
				04BA49FF6B5761C1929FDE09 /* AppLanguage.swift in Sources */,
				2075C13A79B3F1B31908B5BB /* ChangeEmailView.swift in Sources */,
				95C097F009F46FF0F2F0049B /* CycleManager.swift in Sources */,
				573E19B5F3C060F353D879F5 /* CycleModel.swift in Sources */,
				E7C0E50BC8F72CF90359E04D /* CycleViews.swift in Sources */,
				2747A649D959A804F1C8DE41 /* DailyQuestionView.swift in Sources */,
				2B295C0E38B58947F445AC49 /* DailyQuizView.swift in Sources */,
				29E2247540578ED055388FF3 /* DebateAPI.swift in Sources */,
				A55A25BAB639DEBC1D101103 /* DebateModels.swift in Sources */,
				B6F12FCF5DD241758D7C8046 /* DebateViews.swift in Sources */,
				255B590326A858A590BE540B /* DistanceViews.swift in Sources */,
				85688065B303B7D65CA37FF1 /* DrawAPI.swift in Sources */,
				056D51379D3D9C0EC1F5663C /* DrawModels.swift in Sources */,
				C5B4A1C26648BA2A40FC563F /* DrawViews.swift in Sources */,
				3A14328047CD9B579F974291 /* GalleryView.swift in Sources */,
				4D60345405F05AAF8661092A /* GameAPI.swift in Sources */,
				E6E184909449710AA75AD94F /* GameModels.swift in Sources */,
				C75E369B7D630E22976EEED3 /* GamesSection.swift in Sources */,
				F048A5E58BD2665B4399D427 /* Haptics.swift in Sources */,
				0C76B7E7EA9D729ED907C4B1 /* HealthKitManager.swift in Sources */,
				E629A3FE8752B064FE277CD0 /* HomeView.swift in Sources */,
				120CDF7A516C49EF2EFB4633 /* HwdykmModels.swift in Sources */,
				CB572F5C7550086FFBB159FC /* HwdykmViews.swift in Sources */,
				C6CDE302EFBB70431B1961CF /* JournalFeed.swift in Sources */,
				461170AB7937CF1F3F1A277B /* JournalPhotoPager.swift in Sources */,
				45E49AD43CE5955C8BFC37BE /* JournalView.swift in Sources */,
				84128D68FE1615D874619234 /* Keychain.swift in Sources */,
				864661F51301E65CC924703E /* LanguageManager.swift in Sources */,
				8BA0056840A580B86D97105F /* LanguagePickerView.swift in Sources */,
				1FC0DA269EE4395CFB163246 /* LocationManager.swift in Sources */,
				BF8EB7640654AFA6AF038103 /* MainTabView.swift in Sources */,
				68C7F999DEDBBB8B13FC1C80 /* MilestonesSection.swift in Sources */,
				623C89E31138777DAB950A08 /* MissYouIntent.swift in Sources */,
				AEF2F45A4E33FB7CF8DA5E01 /* MissYouSender.swift in Sources */,
				1D3B41B870716A541F0D34C1 /* Models.swift in Sources */,
				67DED55481D5BBE380ED0639 /* PairingView.swift in Sources */,
				448D291670D0CA7B3AF1C8D4 /* PartnerMapView.swift in Sources */,
				CF68EF0B800B41358EF6C31C /* PartnerPrefs.swift in Sources */,
				F9B075D9D0A2A00F87865530 /* PaywallPhoneMockup.swift in Sources */,
				952E35B5592E2263CF36155E /* PaywallView.swift in Sources */,
				1C4A046B219B51189201F712 /* PersonalOnboardingView.swift in Sources */,
				C27493F705A581A753851883 /* PremiumStore.swift in Sources */,
				F2EF012FB70C011CD05059B8 /* ProfileView.swift in Sources */,
				E4043192508311973ED194F8 /* PushManager.swift in Sources */,
				F917D6E89C4810DF5535EF08 /* QuizAPI.swift in Sources */,
				E2DD9B334CC499A20CCEEFA0 /* QuizCategoriesView.swift in Sources */,
				450226F0F0CB70143D4013EA /* QuizCategoryDetailView.swift in Sources */,
				8649CCB3B3B3101EF10A2843 /* QuizModels.swift in Sources */,
				2C142D325E8059C0D40D59D9 /* QuizPlayView.swift in Sources */,
				9F750AE15CE99A0915459DCF /* RemoteImage.swift in Sources */,
				AAF8DBA2B857DA5011090DAD /* RootView.swift in Sources */,
				AE93CDF82AC585AD6A149E44 /* Session.swift in Sources */,
				310CFDF2D3E2D740F22D1973 /* SettingsView.swift in Sources */,
				9DCF2F09F8687336BF80EB07 /* SetupFlowView.swift in Sources */,
				E75FD035E47787F621250A7C /* SharedConfig.swift in Sources */,
				7A3D78DC119D7FC0BB07EF7E /* SharedTokenStore.swift in Sources */,
				F90291F70830C8CE91ED556B /* SignInView.swift in Sources */,
				E1DD918E1A5AB2C847C2465F /* SnapAPI.swift in Sources */,
				6FD68ADC4ACD693B2C863433 /* SnapModels.swift in Sources */,
				BA76717068F6E539E369CD88 /* SnapViews.swift in Sources */,
				FAC2ECD59E47B110F67AC466 /* SwipeToDelete.swift in Sources */,
				6B27D5B26B0874B216ED6CC0 /* Theme.swift in Sources */,
				ED7F042E236EF2DEEF74591C /* TicTacToeView.swift in Sources */,
				B960FA7BD966375E77D2AC93 /* TogetherView.swift in Sources */,
				184D2AD9A5A725E6362FFEC0 /* UsApp.swift in Sources */,
				3498FCD4DD3C45F86CF672A9 /* WelcomeView.swift in Sources */,
				69E99F31DC16CC4C468F08F9 /* WidgetSnapshot.swift in Sources */,
			);
			runOnlyForDeploymentPostprocessing = 0;
		};
/* End PBXSourcesBuildPhase section */

/* Begin PBXTargetDependency section */
		AF9A5FFED5BAF31E80255D0C /* PBXTargetDependency */ = {
			isa = PBXTargetDependency;
			target = 3FA668985F6B95D61B1C0952 /* UsWidgetExtension */;
			targetProxy = BB417703318E25558DDAB87E /* PBXContainerItemProxy */;
		};
/* End PBXTargetDependency section */

/* Begin XCBuildConfiguration section */
		289334D8E0C2F047420CA036 /* Debug */ = {
			isa = XCBuildConfiguration;
			buildSettings = {
				CODE_SIGN_ENTITLEMENTS = UsWidget/UsWidget.entitlements;
				DEVELOPMENT_TEAM = H4M7KJL5DT;
				GENERATE_INFOPLIST_FILE = NO;
				INFOPLIST_FILE = UsWidget/Info.plist;
				LD_RUNPATH_SEARCH_PATHS = (
					"$(inherited)",
					"@executable_path/Frameworks",
					"@executable_path/../../Frameworks",
				);
				PRODUCT_BUNDLE_IDENTIFIER = com.claudianapolitano.us.widget;
				PRODUCT_NAME = UsWidget;
				SDKROOT = iphoneos;
				TARGETED_DEVICE_FAMILY = "1,2";
			};
			name = Debug;
		};
		6464754E41BA4F5B2736249E /* Release */ = {
			isa = XCBuildConfiguration;
			buildSettings = {
				ASSETCATALOG_COMPILER_APPICON_NAME = AppIcon;
				ASSETCATALOG_COMPILER_GLOBAL_ACCENT_COLOR_NAME = AccentColor;
				CODE_SIGN_ENTITLEMENTS = Us/Us.entitlements;
				CODE_SIGN_IDENTITY = "iPhone Developer";
				DEVELOPMENT_TEAM = H4M7KJL5DT;
				GENERATE_INFOPLIST_FILE = NO;
				INFOPLIST_FILE = Us/Info.plist;
				LD_RUNPATH_SEARCH_PATHS = (
					"$(inherited)",
					"@executable_path/Frameworks",
				);
				PRODUCT_BUNDLE_IDENTIFIER = com.claudianapolitano.us;
				PRODUCT_NAME = Us;
				SDKROOT = iphoneos;
				TARGETED_DEVICE_FAMILY = "1,2";
			};
			name = Release;
		};
		74E639E3F8C441ED23015891 /* Debug */ = {
			isa = XCBuildConfiguration;
			buildSettings = {
				ALWAYS_SEARCH_USER_PATHS = NO;
				CLANG_ANALYZER_NONNULL = YES;
				CLANG_ANALYZER_NUMBER_OBJECT_CONVERSION = YES_AGGRESSIVE;
				CLANG_CXX_LANGUAGE_STANDARD = "gnu++14";
				CLANG_CXX_LIBRARY = "libc++";
				CLANG_ENABLE_MODULES = YES;
				CLANG_ENABLE_OBJC_ARC = YES;
				CLANG_ENABLE_OBJC_WEAK = YES;
				CLANG_WARN_BLOCK_CAPTURE_AUTORELEASING = YES;
				CLANG_WARN_BOOL_CONVERSION = YES;
				CLANG_WARN_COMMA = YES;
				CLANG_WARN_CONSTANT_CONVERSION = YES;
				CLANG_WARN_DEPRECATED_OBJC_IMPLEMENTATIONS = YES;
				CLANG_WARN_DIRECT_OBJC_ISA_USAGE = YES_ERROR;
				CLANG_WARN_DOCUMENTATION_COMMENTS = YES;
				CLANG_WARN_EMPTY_BODY = YES;
				CLANG_WARN_ENUM_CONVERSION = YES;
				CLANG_WARN_INFINITE_RECURSION = YES;
				CLANG_WARN_INT_CONVERSION = YES;
				CLANG_WARN_NON_LITERAL_NULL_CONVERSION = YES;
				CLANG_WARN_OBJC_IMPLICIT_RETAIN_SELF = YES;
				CLANG_WARN_OBJC_LITERAL_CONVERSION = YES;
				CLANG_WARN_OBJC_ROOT_CLASS = YES_ERROR;
				CLANG_WARN_QUOTED_INCLUDE_IN_FRAMEWORK_HEADER = YES;
				CLANG_WARN_RANGE_LOOP_ANALYSIS = YES;
				CLANG_WARN_STRICT_PROTOTYPES = YES;
				CLANG_WARN_SUSPICIOUS_MOVE = YES;
				CLANG_WARN_UNGUARDED_AVAILABILITY = YES_AGGRESSIVE;
				CLANG_WARN_UNREACHABLE_CODE = YES;
				CLANG_WARN__DUPLICATE_METHOD_MATCH = YES;
				CODE_SIGN_STYLE = Automatic;
				COPY_PHASE_STRIP = NO;
				CURRENT_PROJECT_VERSION = 2;
				DEBUG_INFORMATION_FORMAT = dwarf;
				ENABLE_STRICT_OBJC_MSGSEND = YES;
				ENABLE_TESTABILITY = YES;
				GCC_C_LANGUAGE_STANDARD = gnu11;
				GCC_DYNAMIC_NO_PIC = NO;
				GCC_NO_COMMON_BLOCKS = YES;
				GCC_OPTIMIZATION_LEVEL = 0;
				GCC_PREPROCESSOR_DEFINITIONS = (
					"$(inherited)",
					"DEBUG=1",
				);
				GCC_WARN_64_TO_32_BIT_CONVERSION = YES;
				GCC_WARN_ABOUT_RETURN_TYPE = YES_ERROR;
				GCC_WARN_UNDECLARED_SELECTOR = YES;
				GCC_WARN_UNINITIALIZED_AUTOS = YES_AGGRESSIVE;
				GCC_WARN_UNUSED_FUNCTION = YES;
				GCC_WARN_UNUSED_VARIABLE = YES;
				IPHONEOS_DEPLOYMENT_TARGET = 16.0;
				MARKETING_VERSION = 0.1.0;
				MTL_ENABLE_DEBUG_INFO = INCLUDE_SOURCE;
				MTL_FAST_MATH = YES;
				ONLY_ACTIVE_ARCH = YES;
				PRODUCT_NAME = "$(TARGET_NAME)";
				SDKROOT = iphoneos;
				SWIFT_ACTIVE_COMPILATION_CONDITIONS = DEBUG;
				SWIFT_OPTIMIZATION_LEVEL = "-Onone";
				SWIFT_VERSION = 5.0;
				TARGETED_DEVICE_FAMILY = "1,2";
			};
			name = Debug;
		};
		8926E54FB97E372B2F727C82 /* Release */ = {
			isa = XCBuildConfiguration;
			buildSettings = {
				CODE_SIGN_ENTITLEMENTS = UsWidget/UsWidget.entitlements;
				DEVELOPMENT_TEAM = H4M7KJL5DT;
				GENERATE_INFOPLIST_FILE = NO;
				INFOPLIST_FILE = UsWidget/Info.plist;
				LD_RUNPATH_SEARCH_PATHS = (
					"$(inherited)",
					"@executable_path/Frameworks",
					"@executable_path/../../Frameworks",
				);
				PRODUCT_BUNDLE_IDENTIFIER = com.claudianapolitano.us.widget;
				PRODUCT_NAME = UsWidget;
				SDKROOT = iphoneos;
				TARGETED_DEVICE_FAMILY = "1,2";
			};
			name = Release;
		};
		9F243B1C682015BE1C546842 /* Debug */ = {
			isa = XCBuildConfiguration;
			buildSettings = {
				ASSETCATALOG_COMPILER_APPICON_NAME = AppIcon;
				ASSETCATALOG_COMPILER_GLOBAL_ACCENT_COLOR_NAME = AccentColor;
				CODE_SIGN_ENTITLEMENTS = Us/Us.entitlements;
				CODE_SIGN_IDENTITY = "iPhone Developer";
				DEVELOPMENT_TEAM = H4M7KJL5DT;
				GENERATE_INFOPLIST_FILE = NO;
				INFOPLIST_FILE = Us/Info.plist;
				LD_RUNPATH_SEARCH_PATHS = (
					"$(inherited)",
					"@executable_path/Frameworks",
				);
				PRODUCT_BUNDLE_IDENTIFIER = com.claudianapolitano.us;
				PRODUCT_NAME = Us;
				SDKROOT = iphoneos;
				TARGETED_DEVICE_FAMILY = "1,2";
			};
			name = Debug;
		};
		E2A1F1D91A82D4810E91006C /* Release */ = {
			isa = XCBuildConfiguration;
			buildSettings = {
				ALWAYS_SEARCH_USER_PATHS = NO;
				CLANG_ANALYZER_NONNULL = YES;
				CLANG_ANALYZER_NUMBER_OBJECT_CONVERSION = YES_AGGRESSIVE;
				CLANG_CXX_LANGUAGE_STANDARD = "gnu++14";
				CLANG_CXX_LIBRARY = "libc++";
				CLANG_ENABLE_MODULES = YES;
				CLANG_ENABLE_OBJC_ARC = YES;
				CLANG_ENABLE_OBJC_WEAK = YES;
				CLANG_WARN_BLOCK_CAPTURE_AUTORELEASING = YES;
				CLANG_WARN_BOOL_CONVERSION = YES;
				CLANG_WARN_COMMA = YES;
				CLANG_WARN_CONSTANT_CONVERSION = YES;
				CLANG_WARN_DEPRECATED_OBJC_IMPLEMENTATIONS = YES;
				CLANG_WARN_DIRECT_OBJC_ISA_USAGE = YES_ERROR;
				CLANG_WARN_DOCUMENTATION_COMMENTS = YES;
				CLANG_WARN_EMPTY_BODY = YES;
				CLANG_WARN_ENUM_CONVERSION = YES;
				CLANG_WARN_INFINITE_RECURSION = YES;
				CLANG_WARN_INT_CONVERSION = YES;
				CLANG_WARN_NON_LITERAL_NULL_CONVERSION = YES;
				CLANG_WARN_OBJC_IMPLICIT_RETAIN_SELF = YES;
				CLANG_WARN_OBJC_LITERAL_CONVERSION = YES;
				CLANG_WARN_OBJC_ROOT_CLASS = YES_ERROR;
				CLANG_WARN_QUOTED_INCLUDE_IN_FRAMEWORK_HEADER = YES;
				CLANG_WARN_RANGE_LOOP_ANALYSIS = YES;
				CLANG_WARN_STRICT_PROTOTYPES = YES;
				CLANG_WARN_SUSPICIOUS_MOVE = YES;
				CLANG_WARN_UNGUARDED_AVAILABILITY = YES_AGGRESSIVE;
				CLANG_WARN_UNREACHABLE_CODE = YES;
				CLANG_WARN__DUPLICATE_METHOD_MATCH = YES;
				CODE_SIGN_STYLE = Automatic;
				COPY_PHASE_STRIP = NO;
				CURRENT_PROJECT_VERSION = 2;
				DEBUG_INFORMATION_FORMAT = "dwarf-with-dsym";
				ENABLE_NS_ASSERTIONS = NO;
				ENABLE_STRICT_OBJC_MSGSEND = YES;
				GCC_C_LANGUAGE_STANDARD = gnu11;
				GCC_NO_COMMON_BLOCKS = YES;
				GCC_WARN_64_TO_32_BIT_CONVERSION = YES;
				GCC_WARN_ABOUT_RETURN_TYPE = YES_ERROR;
				GCC_WARN_UNDECLARED_SELECTOR = YES;
				GCC_WARN_UNINITIALIZED_AUTOS = YES_AGGRESSIVE;
				GCC_WARN_UNUSED_FUNCTION = YES;
				GCC_WARN_UNUSED_VARIABLE = YES;
				IPHONEOS_DEPLOYMENT_TARGET = 16.0;
				MARKETING_VERSION = 0.1.0;
				MTL_ENABLE_DEBUG_INFO = NO;
				MTL_FAST_MATH = YES;
				PRODUCT_NAME = "$(TARGET_NAME)";
				SDKROOT = iphoneos;
				SWIFT_COMPILATION_MODE = wholemodule;
				SWIFT_OPTIMIZATION_LEVEL = "-O";
				SWIFT_VERSION = 5.0;
				TARGETED_DEVICE_FAMILY = "1,2";
			};
			name = Release;
		};
/* End XCBuildConfiguration section */

/* Begin XCConfigurationList section */
		001D8FD6345EA99F03954711 /* Build configuration list for PBXNativeTarget "UsWidgetExtension" */ = {
			isa = XCConfigurationList;
			buildConfigurations = (
				289334D8E0C2F047420CA036 /* Debug */,
				8926E54FB97E372B2F727C82 /* Release */,
			);
			defaultConfigurationIsVisible = 0;
			defaultConfigurationName = Debug;
		};
		8155167D443E2A3A21BE1CE0 /* Build configuration list for PBXProject "Us" */ = {
			isa = XCConfigurationList;
			buildConfigurations = (
				74E639E3F8C441ED23015891 /* Debug */,
				E2A1F1D91A82D4810E91006C /* Release */,
			);
			defaultConfigurationIsVisible = 0;
			defaultConfigurationName = Debug;
		};
		A5020AF7B6787A6FA9CB56DC /* Build configuration list for PBXNativeTarget "Us" */ = {
			isa = XCConfigurationList;
			buildConfigurations = (
				9F243B1C682015BE1C546842 /* Debug */,
				6464754E41BA4F5B2736249E /* Release */,
			);
			defaultConfigurationIsVisible = 0;
			defaultConfigurationName = Debug;
		};
/* End XCConfigurationList section */
	};
	rootObject = 18525015F458C3A35F630CBE /* Project object */;
}
